github.com/kiran-blockchain/gopackagesdemo v0.0.0-20240612072147-6fd386662735 h1:BUhlXxxg0fHRAFIQbHe4bIzr7LBtUSX2p5mqVHBTkKg=
github.com/kiran-blockchain/gopackagesdemo v0.0.0-20240612072147-6fd386662735/go.mod h1:UjMkpV86zVWrSnhqnN5sXE6Yq8tj0xj5hYf3TKa9Yfg=
github.com/kiran-blockchain/gopackagesdemo v0.0.0-20240612072913-5a779787b8cb h1:MKEpJ9+2OdL6WOFzV5Kiezn6+lhYm2lWFGseM0rnfqY=
github.com/kiran-blockchain/gopackagesdemo v0.0.0-20240612072913-5a779787b8cb/go.mod h1:UjMkpV86zVWrSnhqnN5sXE6Yq8tj0xj5hYf3TKa9Yfg=
